// !$*UTF8*$!
{
	archiveVersion = 1;
	classes = {
	};
	objectVersion = 46;
	objects = {

/* Begin PBXBuildFile section */
<<<<<<< HEAD
		B1D5A3521D6C185C00A8B8C3 /* main.swift in Sources */ = {isa = PBXBuildFile; fileRef = B1D5A3511D6C185C00A8B8C3 /* main.swift */; };
/* End PBXBuildFile section */

/* Begin PBXCopyFilesBuildPhase section */
		B1D5A34C1D6C185C00A8B8C3 /* CopyFiles */ = {
=======
		9CE1CA4E1D685431008E8F40 /* main.swift in Sources */ = {isa = PBXBuildFile; fileRef = 9CE1CA4D1D685431008E8F40 /* main.swift */; };
/* End PBXBuildFile section */

/* Begin PBXCopyFilesBuildPhase section */
		9CE1CA481D685431008E8F40 /* CopyFiles */ = {
>>>>>>> origin/master
			isa = PBXCopyFilesBuildPhase;
			buildActionMask = 2147483647;
			dstPath = /usr/share/man/man1/;
			dstSubfolderSpec = 0;
			files = (
			);
			runOnlyForDeploymentPostprocessing = 1;
		};
/* End PBXCopyFilesBuildPhase section */

/* Begin PBXFileReference section */
<<<<<<< HEAD
		B1D5A34E1D6C185C00A8B8C3 /* OS_Test_Product */ = {isa = PBXFileReference; explicitFileType = "compiled.mach-o.executable"; includeInIndex = 0; path = OS_Test_Product; sourceTree = BUILT_PRODUCTS_DIR; };
		B1D5A3511D6C185C00A8B8C3 /* main.swift */ = {isa = PBXFileReference; lastKnownFileType = sourcecode.swift; path = main.swift; sourceTree = "<group>"; };
/* End PBXFileReference section */

/* Begin PBXFrameworksBuildPhase section */
		B1D5A34B1D6C185C00A8B8C3 /* Frameworks */ = {
=======
		9CE1CA4A1D685431008E8F40 /* OS_Test_Product */ = {isa = PBXFileReference; explicitFileType = "compiled.mach-o.executable"; includeInIndex = 0; path = OS_Test_Product; sourceTree = BUILT_PRODUCTS_DIR; };
		9CE1CA4D1D685431008E8F40 /* main.swift */ = {isa = PBXFileReference; lastKnownFileType = sourcecode.swift; path = main.swift; sourceTree = "<group>"; };
/* End PBXFileReference section */

/* Begin PBXFrameworksBuildPhase section */
		9CE1CA471D685431008E8F40 /* Frameworks */ = {
>>>>>>> origin/master
			isa = PBXFrameworksBuildPhase;
			buildActionMask = 2147483647;
			files = (
			);
			runOnlyForDeploymentPostprocessing = 0;
		};
/* End PBXFrameworksBuildPhase section */

/* Begin PBXGroup section */
<<<<<<< HEAD
		B1D5A3451D6C185C00A8B8C3 = {
			isa = PBXGroup;
			children = (
				B1D5A3501D6C185C00A8B8C3 /* OS_Test_Product */,
				B1D5A34F1D6C185C00A8B8C3 /* Products */,
			);
			sourceTree = "<group>";
		};
		B1D5A34F1D6C185C00A8B8C3 /* Products */ = {
			isa = PBXGroup;
			children = (
				B1D5A34E1D6C185C00A8B8C3 /* OS_Test_Product */,
=======
		9CE1CA411D685431008E8F40 = {
			isa = PBXGroup;
			children = (
				9CE1CA4C1D685431008E8F40 /* OS_Test_Product */,
				9CE1CA4B1D685431008E8F40 /* Products */,
			);
			sourceTree = "<group>";
		};
		9CE1CA4B1D685431008E8F40 /* Products */ = {
			isa = PBXGroup;
			children = (
				9CE1CA4A1D685431008E8F40 /* OS_Test_Product */,
>>>>>>> origin/master
			);
			name = Products;
			sourceTree = "<group>";
		};
<<<<<<< HEAD
		B1D5A3501D6C185C00A8B8C3 /* OS_Test_Product */ = {
			isa = PBXGroup;
			children = (
				B1D5A3511D6C185C00A8B8C3 /* main.swift */,
=======
		9CE1CA4C1D685431008E8F40 /* OS_Test_Product */ = {
			isa = PBXGroup;
			children = (
				9CE1CA4D1D685431008E8F40 /* main.swift */,
>>>>>>> origin/master
			);
			path = OS_Test_Product;
			sourceTree = "<group>";
		};
/* End PBXGroup section */

/* Begin PBXNativeTarget section */
<<<<<<< HEAD
		B1D5A34D1D6C185C00A8B8C3 /* OS_Test_Product */ = {
			isa = PBXNativeTarget;
			buildConfigurationList = B1D5A3551D6C185D00A8B8C3 /* Build configuration list for PBXNativeTarget "OS_Test_Product" */;
			buildPhases = (
				B1D5A34A1D6C185C00A8B8C3 /* Sources */,
				B1D5A34B1D6C185C00A8B8C3 /* Frameworks */,
				B1D5A34C1D6C185C00A8B8C3 /* CopyFiles */,
=======
		9CE1CA491D685431008E8F40 /* OS_Test_Product */ = {
			isa = PBXNativeTarget;
			buildConfigurationList = 9CE1CA511D685431008E8F40 /* Build configuration list for PBXNativeTarget "OS_Test_Product" */;
			buildPhases = (
				9CE1CA461D685431008E8F40 /* Sources */,
				9CE1CA471D685431008E8F40 /* Frameworks */,
				9CE1CA481D685431008E8F40 /* CopyFiles */,
>>>>>>> origin/master
			);
			buildRules = (
			);
			dependencies = (
			);
			name = OS_Test_Product;
			productName = OS_Test_Product;
<<<<<<< HEAD
			productReference = B1D5A34E1D6C185C00A8B8C3 /* OS_Test_Product */;
=======
			productReference = 9CE1CA4A1D685431008E8F40 /* OS_Test_Product */;
>>>>>>> origin/master
			productType = "com.apple.product-type.tool";
		};
/* End PBXNativeTarget section */

/* Begin PBXProject section */
<<<<<<< HEAD
		B1D5A3461D6C185C00A8B8C3 /* Project object */ = {
=======
		9CE1CA421D685431008E8F40 /* Project object */ = {
>>>>>>> origin/master
			isa = PBXProject;
			attributes = {
				LastSwiftUpdateCheck = 0730;
				LastUpgradeCheck = 0730;
<<<<<<< HEAD
				ORGANIZATIONNAME = Myron;
				TargetAttributes = {
					B1D5A34D1D6C185C00A8B8C3 = {
=======
				ORGANIZATIONNAME = MuBinHuang;
				TargetAttributes = {
					9CE1CA491D685431008E8F40 = {
>>>>>>> origin/master
						CreatedOnToolsVersion = 7.3.1;
					};
				};
			};
<<<<<<< HEAD
			buildConfigurationList = B1D5A3491D6C185C00A8B8C3 /* Build configuration list for PBXProject "OS_Test_Product" */;
=======
			buildConfigurationList = 9CE1CA451D685431008E8F40 /* Build configuration list for PBXProject "OS_Test_Product" */;
>>>>>>> origin/master
			compatibilityVersion = "Xcode 3.2";
			developmentRegion = English;
			hasScannedForEncodings = 0;
			knownRegions = (
				en,
			);
<<<<<<< HEAD
			mainGroup = B1D5A3451D6C185C00A8B8C3;
			productRefGroup = B1D5A34F1D6C185C00A8B8C3 /* Products */;
			projectDirPath = "";
			projectRoot = "";
			targets = (
				B1D5A34D1D6C185C00A8B8C3 /* OS_Test_Product */,
=======
			mainGroup = 9CE1CA411D685431008E8F40;
			productRefGroup = 9CE1CA4B1D685431008E8F40 /* Products */;
			projectDirPath = "";
			projectRoot = "";
			targets = (
				9CE1CA491D685431008E8F40 /* OS_Test_Product */,
>>>>>>> origin/master
			);
		};
/* End PBXProject section */

/* Begin PBXSourcesBuildPhase section */
<<<<<<< HEAD
		B1D5A34A1D6C185C00A8B8C3 /* Sources */ = {
			isa = PBXSourcesBuildPhase;
			buildActionMask = 2147483647;
			files = (
				B1D5A3521D6C185C00A8B8C3 /* main.swift in Sources */,
=======
		9CE1CA461D685431008E8F40 /* Sources */ = {
			isa = PBXSourcesBuildPhase;
			buildActionMask = 2147483647;
			files = (
				9CE1CA4E1D685431008E8F40 /* main.swift in Sources */,
>>>>>>> origin/master
			);
			runOnlyForDeploymentPostprocessing = 0;
		};
/* End PBXSourcesBuildPhase section */

/* Begin XCBuildConfiguration section */
<<<<<<< HEAD
		B1D5A3531D6C185C00A8B8C3 /* Debug */ = {
=======
		9CE1CA4F1D685431008E8F40 /* Debug */ = {
>>>>>>> origin/master
			isa = XCBuildConfiguration;
			buildSettings = {
				ALWAYS_SEARCH_USER_PATHS = NO;
				CLANG_ANALYZER_NONNULL = YES;
				CLANG_CXX_LANGUAGE_STANDARD = "gnu++0x";
				CLANG_CXX_LIBRARY = "libc++";
				CLANG_ENABLE_MODULES = YES;
				CLANG_ENABLE_OBJC_ARC = YES;
				CLANG_WARN_BOOL_CONVERSION = YES;
				CLANG_WARN_CONSTANT_CONVERSION = YES;
				CLANG_WARN_DIRECT_OBJC_ISA_USAGE = YES_ERROR;
				CLANG_WARN_EMPTY_BODY = YES;
				CLANG_WARN_ENUM_CONVERSION = YES;
				CLANG_WARN_INT_CONVERSION = YES;
				CLANG_WARN_OBJC_ROOT_CLASS = YES_ERROR;
				CLANG_WARN_UNREACHABLE_CODE = YES;
				CLANG_WARN__DUPLICATE_METHOD_MATCH = YES;
				CODE_SIGN_IDENTITY = "-";
				COPY_PHASE_STRIP = NO;
				DEBUG_INFORMATION_FORMAT = dwarf;
				ENABLE_STRICT_OBJC_MSGSEND = YES;
				ENABLE_TESTABILITY = YES;
				GCC_C_LANGUAGE_STANDARD = gnu99;
				GCC_DYNAMIC_NO_PIC = NO;
				GCC_NO_COMMON_BLOCKS = YES;
				GCC_OPTIMIZATION_LEVEL = 0;
				GCC_PREPROCESSOR_DEFINITIONS = (
					"DEBUG=1",
					"$(inherited)",
				);
				GCC_WARN_64_TO_32_BIT_CONVERSION = YES;
				GCC_WARN_ABOUT_RETURN_TYPE = YES_ERROR;
				GCC_WARN_UNDECLARED_SELECTOR = YES;
				GCC_WARN_UNINITIALIZED_AUTOS = YES_AGGRESSIVE;
				GCC_WARN_UNUSED_FUNCTION = YES;
				GCC_WARN_UNUSED_VARIABLE = YES;
				MACOSX_DEPLOYMENT_TARGET = 10.11;
				MTL_ENABLE_DEBUG_INFO = YES;
				ONLY_ACTIVE_ARCH = YES;
				SDKROOT = macosx;
				SWIFT_OPTIMIZATION_LEVEL = "-Onone";
			};
			name = Debug;
		};
<<<<<<< HEAD
		B1D5A3541D6C185C00A8B8C3 /* Release */ = {
=======
		9CE1CA501D685431008E8F40 /* Release */ = {
>>>>>>> origin/master
			isa = XCBuildConfiguration;
			buildSettings = {
				ALWAYS_SEARCH_USER_PATHS = NO;
				CLANG_ANALYZER_NONNULL = YES;
				CLANG_CXX_LANGUAGE_STANDARD = "gnu++0x";
				CLANG_CXX_LIBRARY = "libc++";
				CLANG_ENABLE_MODULES = YES;
				CLANG_ENABLE_OBJC_ARC = YES;
				CLANG_WARN_BOOL_CONVERSION = YES;
				CLANG_WARN_CONSTANT_CONVERSION = YES;
				CLANG_WARN_DIRECT_OBJC_ISA_USAGE = YES_ERROR;
				CLANG_WARN_EMPTY_BODY = YES;
				CLANG_WARN_ENUM_CONVERSION = YES;
				CLANG_WARN_INT_CONVERSION = YES;
				CLANG_WARN_OBJC_ROOT_CLASS = YES_ERROR;
				CLANG_WARN_UNREACHABLE_CODE = YES;
				CLANG_WARN__DUPLICATE_METHOD_MATCH = YES;
				CODE_SIGN_IDENTITY = "-";
				COPY_PHASE_STRIP = NO;
				DEBUG_INFORMATION_FORMAT = "dwarf-with-dsym";
				ENABLE_NS_ASSERTIONS = NO;
				ENABLE_STRICT_OBJC_MSGSEND = YES;
				GCC_C_LANGUAGE_STANDARD = gnu99;
				GCC_NO_COMMON_BLOCKS = YES;
				GCC_WARN_64_TO_32_BIT_CONVERSION = YES;
				GCC_WARN_ABOUT_RETURN_TYPE = YES_ERROR;
				GCC_WARN_UNDECLARED_SELECTOR = YES;
				GCC_WARN_UNINITIALIZED_AUTOS = YES_AGGRESSIVE;
				GCC_WARN_UNUSED_FUNCTION = YES;
				GCC_WARN_UNUSED_VARIABLE = YES;
				MACOSX_DEPLOYMENT_TARGET = 10.11;
				MTL_ENABLE_DEBUG_INFO = NO;
				SDKROOT = macosx;
			};
			name = Release;
		};
<<<<<<< HEAD
		B1D5A3561D6C185D00A8B8C3 /* Debug */ = {
=======
		9CE1CA521D685431008E8F40 /* Debug */ = {
>>>>>>> origin/master
			isa = XCBuildConfiguration;
			buildSettings = {
				PRODUCT_NAME = "$(TARGET_NAME)";
			};
			name = Debug;
		};
<<<<<<< HEAD
		B1D5A3571D6C185D00A8B8C3 /* Release */ = {
=======
		9CE1CA531D685431008E8F40 /* Release */ = {
>>>>>>> origin/master
			isa = XCBuildConfiguration;
			buildSettings = {
				PRODUCT_NAME = "$(TARGET_NAME)";
			};
			name = Release;
		};
/* End XCBuildConfiguration section */

/* Begin XCConfigurationList section */
<<<<<<< HEAD
		B1D5A3491D6C185C00A8B8C3 /* Build configuration list for PBXProject "OS_Test_Product" */ = {
			isa = XCConfigurationList;
			buildConfigurations = (
				B1D5A3531D6C185C00A8B8C3 /* Debug */,
				B1D5A3541D6C185C00A8B8C3 /* Release */,
=======
		9CE1CA451D685431008E8F40 /* Build configuration list for PBXProject "OS_Test_Product" */ = {
			isa = XCConfigurationList;
			buildConfigurations = (
				9CE1CA4F1D685431008E8F40 /* Debug */,
				9CE1CA501D685431008E8F40 /* Release */,
>>>>>>> origin/master
			);
			defaultConfigurationIsVisible = 0;
			defaultConfigurationName = Release;
		};
<<<<<<< HEAD
		B1D5A3551D6C185D00A8B8C3 /* Build configuration list for PBXNativeTarget "OS_Test_Product" */ = {
			isa = XCConfigurationList;
			buildConfigurations = (
				B1D5A3561D6C185D00A8B8C3 /* Debug */,
				B1D5A3571D6C185D00A8B8C3 /* Release */,
=======
		9CE1CA511D685431008E8F40 /* Build configuration list for PBXNativeTarget "OS_Test_Product" */ = {
			isa = XCConfigurationList;
			buildConfigurations = (
				9CE1CA521D685431008E8F40 /* Debug */,
				9CE1CA531D685431008E8F40 /* Release */,
>>>>>>> origin/master
			);
			defaultConfigurationIsVisible = 0;
		};
/* End XCConfigurationList section */
	};
<<<<<<< HEAD
	rootObject = B1D5A3461D6C185C00A8B8C3 /* Project object */;
=======
	rootObject = 9CE1CA421D685431008E8F40 /* Project object */;
>>>>>>> origin/master
}
