// !$*UTF8*$!
{
	archiveVersion = 1;
	classes = {
	};
	objectVersion = 46;
	objects = {

/* Begin PBXBuildFile section */
		B1D5A3651D6C188A00A8B8C3 /* AppDelegate.swift in Sources */ = {isa = PBXBuildFile; fileRef = B1D5A3641D6C188A00A8B8C3 /* AppDelegate.swift */; };
		B1D5A3671D6C188A00A8B8C3 /* ViewController.swift in Sources */ = {isa = PBXBuildFile; fileRef = B1D5A3661D6C188A00A8B8C3 /* ViewController.swift */; };
		B1D5A3691D6C188A00A8B8C3 /* Assets.xcassets in Resources */ = {isa = PBXBuildFile; fileRef = B1D5A3681D6C188A00A8B8C3 /* Assets.xcassets */; };
		B1D5A36C1D6C188A00A8B8C3 /* Main.storyboard in Resources */ = {isa = PBXBuildFile; fileRef = B1D5A36A1D6C188A00A8B8C3 /* Main.storyboard */; };
/* End PBXBuildFile section */

/* Begin PBXFileReference section */
		B1D5A3611D6C188A00A8B8C3 /* OS_Tools.app */ = {isa = PBXFileReference; explicitFileType = wrapper.application; includeInIndex = 0; path = OS_Tools.app; sourceTree = BUILT_PRODUCTS_DIR; };
		B1D5A3641D6C188A00A8B8C3 /* AppDelegate.swift */ = {isa = PBXFileReference; lastKnownFileType = sourcecode.swift; path = AppDelegate.swift; sourceTree = "<group>"; };
		B1D5A3661D6C188A00A8B8C3 /* ViewController.swift */ = {isa = PBXFileReference; lastKnownFileType = sourcecode.swift; path = ViewController.swift; sourceTree = "<group>"; };
		B1D5A3681D6C188A00A8B8C3 /* Assets.xcassets */ = {isa = PBXFileReference; lastKnownFileType = folder.assetcatalog; path = Assets.xcassets; sourceTree = "<group>"; };
		B1D5A36B1D6C188A00A8B8C3 /* Base */ = {isa = PBXFileReference; lastKnownFileType = file.storyboard; name = Base; path = Base.lproj/Main.storyboard; sourceTree = "<group>"; };
		B1D5A36D1D6C188A00A8B8C3 /* Info.plist */ = {isa = PBXFileReference; lastKnownFileType = text.plist.xml; path = Info.plist; sourceTree = "<group>"; };
/* End PBXFileReference section */

/* Begin PBXFrameworksBuildPhase section */
		B1D5A35E1D6C188A00A8B8C3 /* Frameworks */ = {
			isa = PBXFrameworksBuildPhase;
			buildActionMask = 2147483647;
			files = (
			);
			runOnlyForDeploymentPostprocessing = 0;
		};
/* End PBXFrameworksBuildPhase section */

/* Begin PBXGroup section */
		B1D5A3581D6C188A00A8B8C3 = {
			isa = PBXGroup;
			children = (
				B1D5A3631D6C188A00A8B8C3 /* OS_Tools */,
				B1D5A3621D6C188A00A8B8C3 /* Products */,
			);
			sourceTree = "<group>";
		};
		B1D5A3621D6C188A00A8B8C3 /* Products */ = {
			isa = PBXGroup;
			children = (
				B1D5A3611D6C188A00A8B8C3 /* OS_Tools.app */,
			);
			name = Products;
			sourceTree = "<group>";
		};
		B1D5A3631D6C188A00A8B8C3 /* OS_Tools */ = {
			isa = PBXGroup;
			children = (
				B1D5A3641D6C188A00A8B8C3 /* AppDelegate.swift */,
				B1D5A3661D6C188A00A8B8C3 /* ViewController.swift */,
				B1D5A3681D6C188A00A8B8C3 /* Assets.xcassets */,
				B1D5A36A1D6C188A00A8B8C3 /* Main.storyboard */,
				B1D5A36D1D6C188A00A8B8C3 /* Info.plist */,
			);
			path = OS_Tools;
			sourceTree = "<group>";
		};
/* End PBXGroup section */

/* Begin PBXNativeTarget section */
		B1D5A3601D6C188A00A8B8C3 /* OS_Tools */ = {
			isa = PBXNativeTarget;
			buildConfigurationList = B1D5A3701D6C188A00A8B8C3 /* Build configuration list for PBXNativeTarget "OS_Tools" */;
			buildPhases = (
				B1D5A35D1D6C188A00A8B8C3 /* Sources */,
				B1D5A35E1D6C188A00A8B8C3 /* Frameworks */,
				B1D5A35F1D6C188A00A8B8C3 /* Resources */,
			);
			buildRules = (
			);
			dependencies = (
			);
			name = OS_Tools;
			productName = OS_Tools;
			productReference = B1D5A3611D6C188A00A8B8C3 /* OS_Tools.app */;
			productType = "com.apple.product-type.application";
		};
/* End PBXNativeTarget section */

/* Begin PBXProject section */
		B1D5A3591D6C188A00A8B8C3 /* Project object */ = {
			isa = PBXProject;
			attributes = {
				LastSwiftUpdateCheck = 0730;
				LastUpgradeCheck = 0730;
				ORGANIZATIONNAME = Myron;
				TargetAttributes = {
					B1D5A3601D6C188A00A8B8C3 = {
						CreatedOnToolsVersion = 7.3.1;
					};
				};
			};
			buildConfigurationList = B1D5A35C1D6C188A00A8B8C3 /* Build configuration list for PBXProject "OS_Tools" */;
			compatibilityVersion = "Xcode 3.2";
			developmentRegion = English;
			hasScannedForEncodings = 0;
			knownRegions = (
				en,
				Base,
			);
			mainGroup = B1D5A3581D6C188A00A8B8C3;
			productRefGroup = B1D5A3621D6C188A00A8B8C3 /* Products */;
			projectDirPath = "";
			projectRoot = "";
			targets = (
				B1D5A3601D6C188A00A8B8C3 /* OS_Tools */,
			);
		};
/* End PBXProject section */

/* Begin PBXResourcesBuildPhase section */
		B1D5A35F1D6C188A00A8B8C3 /* Resources */ = {
			isa = PBXResourcesBuildPhase;
			buildActionMask = 2147483647;
			files = (
				B1D5A3691D6C188A00A8B8C3 /* Assets.xcassets in Resources */,
				B1D5A36C1D6C188A00A8B8C3 /* Main.storyboard in Resources */,
			);
			runOnlyForDeploymentPostprocessing = 0;
		};
/* End PBXResourcesBuildPhase section */

/* Begin PBXSourcesBuildPhase section */
		B1D5A35D1D6C188A00A8B8C3 /* Sources */ = {
			isa = PBXSourcesBuildPhase;
			buildActionMask = 2147483647;
			files = (
				B1D5A3671D6C188A00A8B8C3 /* ViewController.swift in Sources */,
				B1D5A3651D6C188A00A8B8C3 /* AppDelegate.swift in Sources */,
			);
			runOnlyForDeploymentPostprocessing = 0;
		};
/* End PBXSourcesBuildPhase section */

/* Begin PBXVariantGroup section */
		B1D5A36A1D6C188A00A8B8C3 /* Main.storyboard */ = {
			isa = PBXVariantGroup;
			children = (
				B1D5A36B1D6C188A00A8B8C3 /* Base */,
			);
			name = Main.storyboard;
			sourceTree = "<group>";
		};
/* End PBXVariantGroup section */

/* Begin XCBuildConfiguration section */
		B1D5A36E1D6C188A00A8B8C3 /* Debug */ = {
			isa = XCBuildConfiguration;
			buildSettings = {
				ALWAYS_SEARCH_USER_PATHS = NO;
				CLANG_ANALYZER_NONNULL = YES;
				CLANG_CXX_LANGUAGE_STANDARD = "gnu++0x";
				CLANG_CXX_LIBRARY = "libc++";
				CLANG_ENABLE_MODULES = YES;
				CLANG_ENABLE_OBJC_ARC = YES;
				CLANG_WARN_BOOL_CONVERSION = YES;
				CLANG_WARN_CONSTANT_CONVERSION = YES;
				CLANG_WARN_DIRECT_OBJC_ISA_USAGE = YES_ERROR;
				CLANG_WARN_EMPTY_BODY = YES;
				CLANG_WARN_ENUM_CONVERSION = YES;
				CLANG_WARN_INT_CONVERSION = YES;
				CLANG_WARN_OBJC_ROOT_CLASS = YES_ERROR;
				CLANG_WARN_UNREACHABLE_CODE = YES;
				CLANG_WARN__DUPLICATE_METHOD_MATCH = YES;
				CODE_SIGN_IDENTITY = "-";
				COPY_PHASE_STRIP = NO;
				DEBUG_INFORMATION_FORMAT = dwarf;
				ENABLE_STRICT_OBJC_MSGSEND = YES;
				ENABLE_TESTABILITY = YES;
				GCC_C_LANGUAGE_STANDARD = gnu99;
				GCC_DYNAMIC_NO_PIC = NO;
				GCC_NO_COMMON_BLOCKS = YES;
				GCC_OPTIMIZATION_LEVEL = 0;
				GCC_PREPROCESSOR_DEFINITIONS = (
					"DEBUG=1",
					"$(inherited)",
				);
				GCC_WARN_64_TO_32_BIT_CONVERSION = YES;
				GCC_WARN_ABOUT_RETURN_TYPE = YES_ERROR;
				GCC_WARN_UNDECLARED_SELECTOR = YES;
				GCC_WARN_UNINITIALIZED_AUTOS = YES_AGGRESSIVE;
				GCC_WARN_UNUSED_FUNCTION = YES;
				GCC_WARN_UNUSED_VARIABLE = YES;
				MACOSX_DEPLOYMENT_TARGET = 10.11;
				MTL_ENABLE_DEBUG_INFO = YES;
				ONLY_ACTIVE_ARCH = YES;
				SDKROOT = macosx;
				SWIFT_OPTIMIZATION_LEVEL = "-Onone";
			};
			name = Debug;
		};
		B1D5A36F1D6C188A00A8B8C3 /* Release */ = {
			isa = XCBuildConfiguration;
			buildSettings = {
				ALWAYS_SEARCH_USER_PATHS = NO;
				CLANG_ANALYZER_NONNULL = YES;
				CLANG_CXX_LANGUAGE_STANDARD = "gnu++0x";
				CLANG_CXX_LIBRARY = "libc++";
				CLANG_ENABLE_MODULES = YES;
				CLANG_ENABLE_OBJC_ARC = YES;
				CLANG_WARN_BOOL_CONVERSION = YES;
				CLANG_WARN_CONSTANT_CONVERSION = YES;
				CLANG_WARN_DIRECT_OBJC_ISA_USAGE = YES_ERROR;
				CLANG_WARN_EMPTY_BODY = YES;
				CLANG_WARN_ENUM_CONVERSION = YES;
				CLANG_WARN_INT_CONVERSION = YES;
				CLANG_WARN_OBJC_ROOT_CLASS = YES_ERROR;
				CLANG_WARN_UNREACHABLE_CODE = YES;
				CLANG_WARN__DUPLICATE_METHOD_MATCH = YES;
				CODE_SIGN_IDENTITY = "-";
				COPY_PHASE_STRIP = NO;
				DEBUG_INFORMATION_FORMAT = "dwarf-with-dsym";
				ENABLE_NS_ASSERTIONS = NO;
				ENABLE_STRICT_OBJC_MSGSEND = YES;
				GCC_C_LANGUAGE_STANDARD = gnu99;
				GCC_NO_COMMON_BLOCKS = YES;
				GCC_WARN_64_TO_32_BIT_CONVERSION = YES;
				GCC_WARN_ABOUT_RETURN_TYPE = YES_ERROR;
				GCC_WARN_UNDECLARED_SELECTOR = YES;
				GCC_WARN_UNINITIALIZED_AUTOS = YES_AGGRESSIVE;
				GCC_WARN_UNUSED_FUNCTION = YES;
				GCC_WARN_UNUSED_VARIABLE = YES;
				MACOSX_DEPLOYMENT_TARGET = 10.11;
				MTL_ENABLE_DEBUG_INFO = NO;
				SDKROOT = macosx;
			};
			name = Release;
		};
		B1D5A3711D6C188A00A8B8C3 /* Debug */ = {
			isa = XCBuildConfiguration;
			buildSettings = {
				ASSETCATALOG_COMPILER_APPICON_NAME = AppIcon;
				COMBINE_HIDPI_IMAGES = YES;
				INFOPLIST_FILE = OS_Tools/Info.plist;
				LD_RUNPATH_SEARCH_PATHS = "$(inherited) @executable_path/../Frameworks";
				PRODUCT_BUNDLE_IDENTIFIER = "Myron.OS-Tools";
				PRODUCT_NAME = "$(TARGET_NAME)";
			};
			name = Debug;
		};
		B1D5A3721D6C188A00A8B8C3 /* Release */ = {
			isa = XCBuildConfiguration;
			buildSettings = {
				ASSETCATALOG_COMPILER_APPICON_NAME = AppIcon;
				COMBINE_HIDPI_IMAGES = YES;
				INFOPLIST_FILE = OS_Tools/Info.plist;
				LD_RUNPATH_SEARCH_PATHS = "$(inherited) @executable_path/../Frameworks";
				PRODUCT_BUNDLE_IDENTIFIER = "Myron.OS-Tools";
				PRODUCT_NAME = "$(TARGET_NAME)";
			};
			name = Release;
		};
/* End XCBuildConfiguration section */

/* Begin XCConfigurationList section */
		B1D5A35C1D6C188A00A8B8C3 /* Build configuration list for PBXProject "OS_Tools" */ = {
			isa = XCConfigurationList;
			buildConfigurations = (
				B1D5A36E1D6C188A00A8B8C3 /* Debug */,
				B1D5A36F1D6C188A00A8B8C3 /* Release */,
			);
			defaultConfigurationIsVisible = 0;
			defaultConfigurationName = Release;
		};
		B1D5A3701D6C188A00A8B8C3 /* Build configuration list for PBXNativeTarget "OS_Tools" */ = {
			isa = XCConfigurationList;
			buildConfigurations = (
				B1D5A3711D6C188A00A8B8C3 /* Debug */,
				B1D5A3721D6C188A00A8B8C3 /* Release */,
			);
			defaultConfigurationIsVisible = 0;
		};
/* End XCConfigurationList section */
	};
	rootObject = B1D5A3591D6C188A00A8B8C3 /* Project object */;
}
